// !$*UTF8*$!
{
	archiveVersion = 1;
	classes = {
	};
	objectVersion = 46;
	objects = {

/* Begin PBXBuildFile section */
		1301E390194C24AF0041290E /* Foundation.framework in Frameworks */ = {isa = PBXBuildFile; fileRef = 1301E38F194C24AF0041290E /* Foundation.framework */; };
		1301E392194C24AF0041290E /* CoreGraphics.framework in Frameworks */ = {isa = PBXBuildFile; fileRef = 1301E391194C24AF0041290E /* CoreGraphics.framework */; };
		1301E394194C24AF0041290E /* UIKit.framework in Frameworks */ = {isa = PBXBuildFile; fileRef = 1301E393194C24AF0041290E /* UIKit.framework */; };
		1301E39A194C24AF0041290E /* InfoPlist.strings in Resources */ = {isa = PBXBuildFile; fileRef = 1301E398194C24AF0041290E /* InfoPlist.strings */; };
		1301E39C194C24AF0041290E /* main.m in Sources */ = {isa = PBXBuildFile; fileRef = 1301E39B194C24AF0041290E /* main.m */; };
		1301E3A0194C24AF0041290E /* FSHAppDelegate.m in Sources */ = {isa = PBXBuildFile; fileRef = 1301E39F194C24AF0041290E /* FSHAppDelegate.m */; };
		1301E3A3194C24AF0041290E /* Main_iPhone.storyboard in Resources */ = {isa = PBXBuildFile; fileRef = 1301E3A1194C24AF0041290E /* Main_iPhone.storyboard */; };
		1301E3A6194C24AF0041290E /* Main_iPad.storyboard in Resources */ = {isa = PBXBuildFile; fileRef = 1301E3A4194C24AF0041290E /* Main_iPad.storyboard */; };
		1301E3A9194C24AF0041290E /* FSHViewController.m in Sources */ = {isa = PBXBuildFile; fileRef = 1301E3A8194C24AF0041290E /* FSHViewController.m */; };
		1301E3AB194C24AF0041290E /* Images.xcassets in Resources */ = {isa = PBXBuildFile; fileRef = 1301E3AA194C24AF0041290E /* Images.xcassets */; };
		1301E3B2194C24AF0041290E /* XCTest.framework in Frameworks */ = {isa = PBXBuildFile; fileRef = 1301E3B1194C24AF0041290E /* XCTest.framework */; };
		1301E3B3194C24AF0041290E /* Foundation.framework in Frameworks */ = {isa = PBXBuildFile; fileRef = 1301E38F194C24AF0041290E /* Foundation.framework */; };
		1301E3B4194C24AF0041290E /* UIKit.framework in Frameworks */ = {isa = PBXBuildFile; fileRef = 1301E393194C24AF0041290E /* UIKit.framework */; };
		1301E3BC194C24AF0041290E /* InfoPlist.strings in Resources */ = {isa = PBXBuildFile; fileRef = 1301E3BA194C24AF0041290E /* InfoPlist.strings */; };
		1301E3BE194C24AF0041290E /* nemoTests.m in Sources */ = {isa = PBXBuildFile; fileRef = 1301E3BD194C24AF0041290E /* nemoTests.m */; };
		1301E3CF194C2CAA0041290E /* CoreLocation.framework in Frameworks */ = {isa = PBXBuildFile; fileRef = 1301E3CE194C2CAA0041290E /* CoreLocation.framework */; };
		1301E3D2194C2E6D0041290E /* FSHCatchInfoViewController.m in Sources */ = {isa = PBXBuildFile; fileRef = 1301E3D1194C2E6D0041290E /* FSHCatchInfoViewController.m */; };
		1301E3DB194C53600041290E /* MapKit.framework in Frameworks */ = {isa = PBXBuildFile; fileRef = 1301E3DA194C53600041290E /* MapKit.framework */; };
		1301E3E0194C5CC30041290E /* fish.jpeg in Resources */ = {isa = PBXBuildFile; fileRef = 1301E3DE194C5CC30041290E /* fish.jpeg */; };
		1301E3E1194C5CC30041290E /* net.jpg in Resources */ = {isa = PBXBuildFile; fileRef = 1301E3DF194C5CC30041290E /* net.jpg */; };
		1301E3E4194C5CF20041290E /* FSHMapAnnotation.m in Sources */ = {isa = PBXBuildFile; fileRef = 1301E3E3194C5CF20041290E /* FSHMapAnnotation.m */; };
		1301E3E7194CB76E0041290E /* FSHLocationManager.m in Sources */ = {isa = PBXBuildFile; fileRef = 1301E3E6194CB76E0041290E /* FSHLocationManager.m */; };
		1301E3EA194CCC510041290E /* FSHSelectLocationViewController.m in Sources */ = {isa = PBXBuildFile; fileRef = 1301E3E9194CCC510041290E /* FSHSelectLocationViewController.m */; };
		1301E3F0194CDAFB0041290E /* FSHLocation.m in Sources */ = {isa = PBXBuildFile; fileRef = 1301E3EF194CDAFB0041290E /* FSHLocation.m */; };
		1301E3F2194CF7B20041290E /* query.json in Resources */ = {isa = PBXBuildFile; fileRef = 1301E3F1194CF7B20041290E /* query.json */; };
		1301E3F5194D1FC70041290E /* FSHFish.m in Sources */ = {isa = PBXBuildFile; fileRef = 1301E3F4194D1FC70041290E /* FSHFish.m */; };
		1301E3FB194D26C40041290E /* FSHSelectFishTableViewController.m in Sources */ = {isa = PBXBuildFile; fileRef = 1301E3FA194D26C40041290E /* FSHSelectFishTableViewController.m */; };
		1301E3FE194D4F980041290E /* FSHTrackingViewController.m in Sources */ = {isa = PBXBuildFile; fileRef = 1301E3FD194D4F980041290E /* FSHTrackingViewController.m */; };
		1301E400194D57030041290E /* OCEAN.jpeg in Resources */ = {isa = PBXBuildFile; fileRef = 1301E3FF194D57030041290E /* OCEAN.jpeg */; };
		1301E402194D6A170041290E /* 74-location.png in Resources */ = {isa = PBXBuildFile; fileRef = 1301E401194D6A170041290E /* 74-location.png */; };
		1301E409194D8E850041290E /* FSHFishTableViewCell.m in Sources */ = {isa = PBXBuildFile; fileRef = 1301E407194D8E850041290E /* FSHFishTableViewCell.m */; };
		1301E40D194D9BF50041290E /* FSHWebDetailViewController.m in Sources */ = {isa = PBXBuildFile; fileRef = 1301E40C194D9BF50041290E /* FSHWebDetailViewController.m */; };
		1301E410194DDD060041290E /* FSHVessel.m in Sources */ = {isa = PBXBuildFile; fileRef = 1301E40F194DDD060041290E /* FSHVessel.m */; };
/* End PBXBuildFile section */

/* Begin PBXContainerItemProxy section */
		1301E3B5194C24AF0041290E /* PBXContainerItemProxy */ = {
			isa = PBXContainerItemProxy;
			containerPortal = 1301E384194C24AF0041290E /* Project object */;
			proxyType = 1;
			remoteGlobalIDString = 1301E38B194C24AF0041290E;
			remoteInfo = nemo;
		};
/* End PBXContainerItemProxy section */

/* Begin PBXFileReference section */
		1301E38C194C24AF0041290E /* nemo.app */ = {isa = PBXFileReference; explicitFileType = wrapper.application; includeInIndex = 0; path = nemo.app; sourceTree = BUILT_PRODUCTS_DIR; };
		1301E38F194C24AF0041290E /* Foundation.framework */ = {isa = PBXFileReference; lastKnownFileType = wrapper.framework; name = Foundation.framework; path = System/Library/Frameworks/Foundation.framework; sourceTree = SDKROOT; };
		1301E391194C24AF0041290E /* CoreGraphics.framework */ = {isa = PBXFileReference; lastKnownFileType = wrapper.framework; name = CoreGraphics.framework; path = System/Library/Frameworks/CoreGraphics.framework; sourceTree = SDKROOT; };
		1301E393194C24AF0041290E /* UIKit.framework */ = {isa = PBXFileReference; lastKnownFileType = wrapper.framework; name = UIKit.framework; path = System/Library/Frameworks/UIKit.framework; sourceTree = SDKROOT; };
		1301E397194C24AF0041290E /* nemo-Info.plist */ = {isa = PBXFileReference; lastKnownFileType = text.plist.xml; path = "nemo-Info.plist"; sourceTree = "<group>"; };
		1301E399194C24AF0041290E /* en */ = {isa = PBXFileReference; lastKnownFileType = text.plist.strings; name = en; path = en.lproj/InfoPlist.strings; sourceTree = "<group>"; };
		1301E39B194C24AF0041290E /* main.m */ = {isa = PBXFileReference; lastKnownFileType = sourcecode.c.objc; path = main.m; sourceTree = "<group>"; };
		1301E39D194C24AF0041290E /* nemo-Prefix.pch */ = {isa = PBXFileReference; lastKnownFileType = sourcecode.c.h; path = "nemo-Prefix.pch"; sourceTree = "<group>"; };
		1301E39E194C24AF0041290E /* FSHAppDelegate.h */ = {isa = PBXFileReference; lastKnownFileType = sourcecode.c.h; path = FSHAppDelegate.h; sourceTree = "<group>"; };
		1301E39F194C24AF0041290E /* FSHAppDelegate.m */ = {isa = PBXFileReference; lastKnownFileType = sourcecode.c.objc; path = FSHAppDelegate.m; sourceTree = "<group>"; };
		1301E3A2194C24AF0041290E /* Base */ = {isa = PBXFileReference; lastKnownFileType = file.storyboard; name = Base; path = Base.lproj/Main_iPhone.storyboard; sourceTree = "<group>"; };
		1301E3A5194C24AF0041290E /* Base */ = {isa = PBXFileReference; lastKnownFileType = file.storyboard; name = Base; path = Base.lproj/Main_iPad.storyboard; sourceTree = "<group>"; };
		1301E3A7194C24AF0041290E /* FSHViewController.h */ = {isa = PBXFileReference; lastKnownFileType = sourcecode.c.h; name = FSHViewController.h; path = nemo/FSHViewController.h; sourceTree = "<group>"; };
		1301E3A8194C24AF0041290E /* FSHViewController.m */ = {isa = PBXFileReference; lastKnownFileType = sourcecode.c.objc; name = FSHViewController.m; path = nemo/FSHViewController.m; sourceTree = "<group>"; };
		1301E3AA194C24AF0041290E /* Images.xcassets */ = {isa = PBXFileReference; lastKnownFileType = folder.assetcatalog; path = Images.xcassets; sourceTree = "<group>"; };
		1301E3B0194C24AF0041290E /* nemoTests.xctest */ = {isa = PBXFileReference; explicitFileType = wrapper.cfbundle; includeInIndex = 0; path = nemoTests.xctest; sourceTree = BUILT_PRODUCTS_DIR; };
		1301E3B1194C24AF0041290E /* XCTest.framework */ = {isa = PBXFileReference; lastKnownFileType = wrapper.framework; name = XCTest.framework; path = Library/Frameworks/XCTest.framework; sourceTree = DEVELOPER_DIR; };
		1301E3B9194C24AF0041290E /* nemoTests-Info.plist */ = {isa = PBXFileReference; lastKnownFileType = text.plist.xml; path = "nemoTests-Info.plist"; sourceTree = "<group>"; };
		1301E3BB194C24AF0041290E /* en */ = {isa = PBXFileReference; lastKnownFileType = text.plist.strings; name = en; path = en.lproj/InfoPlist.strings; sourceTree = "<group>"; };
		1301E3BD194C24AF0041290E /* nemoTests.m */ = {isa = PBXFileReference; lastKnownFileType = sourcecode.c.objc; path = nemoTests.m; sourceTree = "<group>"; };
		1301E3CE194C2CAA0041290E /* CoreLocation.framework */ = {isa = PBXFileReference; lastKnownFileType = wrapper.framework; name = CoreLocation.framework; path = System/Library/Frameworks/CoreLocation.framework; sourceTree = SDKROOT; };
		1301E3D0194C2E6D0041290E /* FSHCatchInfoViewController.h */ = {isa = PBXFileReference; fileEncoding = 4; lastKnownFileType = sourcecode.c.h; name = FSHCatchInfoViewController.h; path = nemo/Controllers/FSHCatchInfoViewController.h; sourceTree = "<group>"; };
		1301E3D1194C2E6D0041290E /* FSHCatchInfoViewController.m */ = {isa = PBXFileReference; fileEncoding = 4; lastKnownFileType = sourcecode.c.objc; name = FSHCatchInfoViewController.m; path = nemo/Controllers/FSHCatchInfoViewController.m; sourceTree = "<group>"; };
		1301E3DA194C53600041290E /* MapKit.framework */ = {isa = PBXFileReference; lastKnownFileType = wrapper.framework; name = MapKit.framework; path = System/Library/Frameworks/MapKit.framework; sourceTree = SDKROOT; };
		1301E3DE194C5CC30041290E /* fish.jpeg */ = {isa = PBXFileReference; lastKnownFileType = image.jpeg; name = fish.jpeg; path = nemo/Resources/fish.jpeg; sourceTree = "<group>"; };
		1301E3DF194C5CC30041290E /* net.jpg */ = {isa = PBXFileReference; lastKnownFileType = image.jpeg; name = net.jpg; path = nemo/Resources/net.jpg; sourceTree = "<group>"; };
		1301E3E2194C5CF20041290E /* FSHMapAnnotation.h */ = {isa = PBXFileReference; fileEncoding = 4; lastKnownFileType = sourcecode.c.h; name = FSHMapAnnotation.h; path = nemo/Models/FSHMapAnnotation.h; sourceTree = "<group>"; };
		1301E3E3194C5CF20041290E /* FSHMapAnnotation.m */ = {isa = PBXFileReference; fileEncoding = 4; lastKnownFileType = sourcecode.c.objc; name = FSHMapAnnotation.m; path = nemo/Models/FSHMapAnnotation.m; sourceTree = "<group>"; };
		1301E3E5194CB76E0041290E /* FSHLocationManager.h */ = {isa = PBXFileReference; fileEncoding = 4; lastKnownFileType = sourcecode.c.h; name = FSHLocationManager.h; path = nemo/Controllers/FSHLocationManager.h; sourceTree = "<group>"; };
		1301E3E6194CB76E0041290E /* FSHLocationManager.m */ = {isa = PBXFileReference; fileEncoding = 4; lastKnownFileType = sourcecode.c.objc; name = FSHLocationManager.m; path = nemo/Controllers/FSHLocationManager.m; sourceTree = "<group>"; };
		1301E3E8194CCC510041290E /* FSHSelectLocationViewController.h */ = {isa = PBXFileReference; fileEncoding = 4; lastKnownFileType = sourcecode.c.h; name = FSHSelectLocationViewController.h; path = nemo/Controllers/FSHSelectLocationViewController.h; sourceTree = "<group>"; };
		1301E3E9194CCC510041290E /* FSHSelectLocationViewController.m */ = {isa = PBXFileReference; fileEncoding = 4; lastKnownFileType = sourcecode.c.objc; name = FSHSelectLocationViewController.m; path = nemo/Controllers/FSHSelectLocationViewController.m; sourceTree = "<group>"; };
		1301E3EE194CDAFB0041290E /* FSHLocation.h */ = {isa = PBXFileReference; fileEncoding = 4; lastKnownFileType = sourcecode.c.h; name = FSHLocation.h; path = nemo/Models/FSHLocation.h; sourceTree = "<group>"; };
		1301E3EF194CDAFB0041290E /* FSHLocation.m */ = {isa = PBXFileReference; fileEncoding = 4; lastKnownFileType = sourcecode.c.objc; name = FSHLocation.m; path = nemo/Models/FSHLocation.m; sourceTree = "<group>"; };
		1301E3F1194CF7B20041290E /* query.json */ = {isa = PBXFileReference; fileEncoding = 4; lastKnownFileType = text.json; path = query.json; sourceTree = "<group>"; };
		1301E3F3194D1FC70041290E /* FSHFish.h */ = {isa = PBXFileReference; fileEncoding = 4; lastKnownFileType = sourcecode.c.h; name = FSHFish.h; path = nemo/Models/FSHFish.h; sourceTree = "<group>"; };
		1301E3F4194D1FC70041290E /* FSHFish.m */ = {isa = PBXFileReference; fileEncoding = 4; lastKnownFileType = sourcecode.c.objc; name = FSHFish.m; path = nemo/Models/FSHFish.m; sourceTree = "<group>"; };
		1301E3F9194D26C40041290E /* FSHSelectFishTableViewController.h */ = {isa = PBXFileReference; fileEncoding = 4; lastKnownFileType = sourcecode.c.h; name = FSHSelectFishTableViewController.h; path = nemo/Controllers/FSHSelectFishTableViewController.h; sourceTree = "<group>"; };
		1301E3FA194D26C40041290E /* FSHSelectFishTableViewController.m */ = {isa = PBXFileReference; fileEncoding = 4; lastKnownFileType = sourcecode.c.objc; name = FSHSelectFishTableViewController.m; path = nemo/Controllers/FSHSelectFishTableViewController.m; sourceTree = "<group>"; };
		1301E3FC194D4F980041290E /* FSHTrackingViewController.h */ = {isa = PBXFileReference; fileEncoding = 4; lastKnownFileType = sourcecode.c.h; name = FSHTrackingViewController.h; path = nemo/Controllers/FSHTrackingViewController.h; sourceTree = "<group>"; };
		1301E3FD194D4F980041290E /* FSHTrackingViewController.m */ = {isa = PBXFileReference; fileEncoding = 4; lastKnownFileType = sourcecode.c.objc; name = FSHTrackingViewController.m; path = nemo/Controllers/FSHTrackingViewController.m; sourceTree = "<group>"; };
		1301E3FF194D57030041290E /* OCEAN.jpeg */ = {isa = PBXFileReference; lastKnownFileType = image.jpeg; path = OCEAN.jpeg; sourceTree = "<group>"; };
		1301E401194D6A170041290E /* 74-location.png */ = {isa = PBXFileReference; lastKnownFileType = image.png; path = "74-location.png"; sourceTree = "<group>"; };
		1301E406194D8E850041290E /* FSHFishTableViewCell.h */ = {isa = PBXFileReference; fileEncoding = 4; lastKnownFileType = sourcecode.c.h; name = FSHFishTableViewCell.h; path = nemo/FSHFishTableViewCell.h; sourceTree = "<group>"; };
		1301E407194D8E850041290E /* FSHFishTableViewCell.m */ = {isa = PBXFileReference; fileEncoding = 4; lastKnownFileType = sourcecode.c.objc; name = FSHFishTableViewCell.m; path = nemo/FSHFishTableViewCell.m; sourceTree = "<group>"; };
		1301E40B194D9BF50041290E /* FSHWebDetailViewController.h */ = {isa = PBXFileReference; fileEncoding = 4; lastKnownFileType = sourcecode.c.h; name = FSHWebDetailViewController.h; path = nemo/Controllers/FSHWebDetailViewController.h; sourceTree = "<group>"; };
		1301E40C194D9BF50041290E /* FSHWebDetailViewController.m */ = {isa = PBXFileReference; fileEncoding = 4; lastKnownFileType = sourcecode.c.objc; name = FSHWebDetailViewController.m; path = nemo/Controllers/FSHWebDetailViewController.m; sourceTree = "<group>"; };
		1301E40E194DDD060041290E /* FSHVessel.h */ = {isa = PBXFileReference; fileEncoding = 4; lastKnownFileType = sourcecode.c.h; name = FSHVessel.h; path = nemo/Models/FSHVessel.h; sourceTree = "<group>"; };
		1301E40F194DDD060041290E /* FSHVessel.m */ = {isa = PBXFileReference; fileEncoding = 4; lastKnownFileType = sourcecode.c.objc; name = FSHVessel.m; path = nemo/Models/FSHVessel.m; sourceTree = "<group>"; };
/* End PBXFileReference section */

/* Begin PBXFrameworksBuildPhase section */
		1301E389194C24AF0041290E /* Frameworks */ = {
			isa = PBXFrameworksBuildPhase;
			buildActionMask = 2147483647;
			files = (
				1301E3CF194C2CAA0041290E /* CoreLocation.framework in Frameworks */,
				1301E392194C24AF0041290E /* CoreGraphics.framework in Frameworks */,
				1301E3DB194C53600041290E /* MapKit.framework in Frameworks */,
				1301E394194C24AF0041290E /* UIKit.framework in Frameworks */,
				1301E390194C24AF0041290E /* Foundation.framework in Frameworks */,
			);
			runOnlyForDeploymentPostprocessing = 0;
		};
		1301E3AD194C24AF0041290E /* Frameworks */ = {
			isa = PBXFrameworksBuildPhase;
			buildActionMask = 2147483647;
			files = (
				1301E3B2194C24AF0041290E /* XCTest.framework in Frameworks */,
				1301E3B4194C24AF0041290E /* UIKit.framework in Frameworks */,
				1301E3B3194C24AF0041290E /* Foundation.framework in Frameworks */,
			);
			runOnlyForDeploymentPostprocessing = 0;
		};
/* End PBXFrameworksBuildPhase section */

/* Begin PBXGroup section */
		1301E383194C24AF0041290E = {
			isa = PBXGroup;
			children = (
				1301E3DD194C5C9B0041290E /* Models */,
				1301E3DC194C5C6A0041290E /* View */,
				1301E3D3194C37D60041290E /* Resources */,
				1301E3C7194C24CB0041290E /* Controllers */,
				1301E395194C24AF0041290E /* nemo */,
				1301E3B7194C24AF0041290E /* nemoTests */,
				1301E38E194C24AF0041290E /* Frameworks */,
				1301E38D194C24AF0041290E /* Products */,
			);
			sourceTree = "<group>";
		};
		1301E38D194C24AF0041290E /* Products */ = {
			isa = PBXGroup;
			children = (
				1301E38C194C24AF0041290E /* nemo.app */,
				1301E3B0194C24AF0041290E /* nemoTests.xctest */,
			);
			name = Products;
			sourceTree = "<group>";
		};
		1301E38E194C24AF0041290E /* Frameworks */ = {
			isa = PBXGroup;
			children = (
				1301E3DA194C53600041290E /* MapKit.framework */,
				1301E3CE194C2CAA0041290E /* CoreLocation.framework */,
				1301E38F194C24AF0041290E /* Foundation.framework */,
				1301E391194C24AF0041290E /* CoreGraphics.framework */,
				1301E393194C24AF0041290E /* UIKit.framework */,
				1301E3B1194C24AF0041290E /* XCTest.framework */,
			);
			name = Frameworks;
			sourceTree = "<group>";
		};
		1301E395194C24AF0041290E /* nemo */ = {
			isa = PBXGroup;
			children = (
				1301E39E194C24AF0041290E /* FSHAppDelegate.h */,
				1301E39F194C24AF0041290E /* FSHAppDelegate.m */,
				1301E3AA194C24AF0041290E /* Images.xcassets */,
				1301E396194C24AF0041290E /* Supporting Files */,
			);
			path = nemo;
			sourceTree = "<group>";
		};
		1301E396194C24AF0041290E /* Supporting Files */ = {
			isa = PBXGroup;
			children = (
				1301E397194C24AF0041290E /* nemo-Info.plist */,
				1301E398194C24AF0041290E /* InfoPlist.strings */,
				1301E39B194C24AF0041290E /* main.m */,
				1301E39D194C24AF0041290E /* nemo-Prefix.pch */,
			);
			name = "Supporting Files";
			sourceTree = "<group>";
		};
		1301E3B7194C24AF0041290E /* nemoTests */ = {
			isa = PBXGroup;
			children = (
				1301E3BD194C24AF0041290E /* nemoTests.m */,
				1301E3B8194C24AF0041290E /* Supporting Files */,
			);
			path = nemoTests;
			sourceTree = "<group>";
		};
		1301E3B8194C24AF0041290E /* Supporting Files */ = {
			isa = PBXGroup;
			children = (
				1301E3B9194C24AF0041290E /* nemoTests-Info.plist */,
				1301E3BA194C24AF0041290E /* InfoPlist.strings */,
			);
			name = "Supporting Files";
			sourceTree = "<group>";
		};
		1301E3C7194C24CB0041290E /* Controllers */ = {
			isa = PBXGroup;
			children = (
				1301E3E5194CB76E0041290E /* FSHLocationManager.h */,
				1301E3E6194CB76E0041290E /* FSHLocationManager.m */,
				1301E3A7194C24AF0041290E /* FSHViewController.h */,
				1301E3A8194C24AF0041290E /* FSHViewController.m */,
				1301E3D0194C2E6D0041290E /* FSHCatchInfoViewController.h */,
				1301E3D1194C2E6D0041290E /* FSHCatchInfoViewController.m */,
				1301E3F9194D26C40041290E /* FSHSelectFishTableViewController.h */,
				1301E3FA194D26C40041290E /* FSHSelectFishTableViewController.m */,
				1301E3E8194CCC510041290E /* FSHSelectLocationViewController.h */,
				1301E3E9194CCC510041290E /* FSHSelectLocationViewController.m */,
				1301E3FC194D4F980041290E /* FSHTrackingViewController.h */,
				1301E3FD194D4F980041290E /* FSHTrackingViewController.m */,
				1301E40B194D9BF50041290E /* FSHWebDetailViewController.h */,
				1301E40C194D9BF50041290E /* FSHWebDetailViewController.m */,
			);
			name = Controllers;
			sourceTree = "<group>";
		};
		1301E3D3194C37D60041290E /* Resources */ = {
			isa = PBXGroup;
			children = (
				1301E3FF194D57030041290E /* OCEAN.jpeg */,
				1301E401194D6A170041290E /* 74-location.png */,
				1301E3DE194C5CC30041290E /* fish.jpeg */,
				1301E3DF194C5CC30041290E /* net.jpg */,
				1301E3F1194CF7B20041290E /* query.json */,
			);
			name = Resources;
			sourceTree = "<group>";
		};
		1301E3DC194C5C6A0041290E /* View */ = {
			isa = PBXGroup;
			children = (
				1301E3A1194C24AF0041290E /* Main_iPhone.storyboard */,
				1301E3A4194C24AF0041290E /* Main_iPad.storyboard */,
				1301E406194D8E850041290E /* FSHFishTableViewCell.h */,
				1301E407194D8E850041290E /* FSHFishTableViewCell.m */,
			);
			name = View;
			sourceTree = "<group>";
		};
		1301E3DD194C5C9B0041290E /* Models */ = {
			isa = PBXGroup;
			children = (
				1301E3E2194C5CF20041290E /* FSHMapAnnotation.h */,
				1301E3E3194C5CF20041290E /* FSHMapAnnotation.m */,
				1301E3EE194CDAFB0041290E /* FSHLocation.h */,
				1301E3EF194CDAFB0041290E /* FSHLocation.m */,
				1301E3F3194D1FC70041290E /* FSHFish.h */,
				1301E3F4194D1FC70041290E /* FSHFish.m */,
				1301E40E194DDD060041290E /* FSHVessel.h */,
				1301E40F194DDD060041290E /* FSHVessel.m */,
			);
			name = Models;
			sourceTree = "<group>";
		};
/* End PBXGroup section */

/* Begin PBXNativeTarget section */
		1301E38B194C24AF0041290E /* nemo */ = {
			isa = PBXNativeTarget;
			buildConfigurationList = 1301E3C1194C24AF0041290E /* Build configuration list for PBXNativeTarget "nemo" */;
			buildPhases = (
				1301E388194C24AF0041290E /* Sources */,
				1301E389194C24AF0041290E /* Frameworks */,
				1301E38A194C24AF0041290E /* Resources */,
			);
			buildRules = (
			);
			dependencies = (
			);
			name = nemo;
			productName = nemo;
			productReference = 1301E38C194C24AF0041290E /* nemo.app */;
			productType = "com.apple.product-type.application";
		};
		1301E3AF194C24AF0041290E /* nemoTests */ = {
			isa = PBXNativeTarget;
			buildConfigurationList = 1301E3C4194C24AF0041290E /* Build configuration list for PBXNativeTarget "nemoTests" */;
			buildPhases = (
				1301E3AC194C24AF0041290E /* Sources */,
				1301E3AD194C24AF0041290E /* Frameworks */,
				1301E3AE194C24AF0041290E /* Resources */,
			);
			buildRules = (
			);
			dependencies = (
				1301E3B6194C24AF0041290E /* PBXTargetDependency */,
			);
			name = nemoTests;
			productName = nemoTests;
			productReference = 1301E3B0194C24AF0041290E /* nemoTests.xctest */;
			productType = "com.apple.product-type.bundle.unit-test";
		};
/* End PBXNativeTarget section */

/* Begin PBXProject section */
		1301E384194C24AF0041290E /* Project object */ = {
			isa = PBXProject;
			attributes = {
				CLASSPREFIX = FSH;
				LastUpgradeCheck = 0510;
				ORGANIZATIONNAME = Fishackathon;
				TargetAttributes = {
					1301E38B194C24AF0041290E = {
						SystemCapabilities = {
							com.apple.BackgroundModes = {
								enabled = 1;
							};
							com.apple.iOS = {
								enabled = 1;
							};
						};
					};
					1301E3AF194C24AF0041290E = {
						TestTargetID = 1301E38B194C24AF0041290E;
					};
				};
			};
			buildConfigurationList = 1301E387194C24AF0041290E /* Build configuration list for PBXProject "nemo" */;
			compatibilityVersion = "Xcode 3.2";
			developmentRegion = English;
			hasScannedForEncodings = 0;
			knownRegions = (
				en,
				Base,
			);
			mainGroup = 1301E383194C24AF0041290E;
			productRefGroup = 1301E38D194C24AF0041290E /* Products */;
			projectDirPath = "";
			projectRoot = "";
			targets = (
				1301E38B194C24AF0041290E /* nemo */,
				1301E3AF194C24AF0041290E /* nemoTests */,
			);
		};
/* End PBXProject section */

/* Begin PBXResourcesBuildPhase section */
		1301E38A194C24AF0041290E /* Resources */ = {
			isa = PBXResourcesBuildPhase;
			buildActionMask = 2147483647;
			files = (
				1301E3A6194C24AF0041290E /* Main_iPad.storyboard in Resources */,
				1301E402194D6A170041290E /* 74-location.png in Resources */,
				1301E3AB194C24AF0041290E /* Images.xcassets in Resources */,
				1301E3A3194C24AF0041290E /* Main_iPhone.storyboard in Resources */,
				1301E3E0194C5CC30041290E /* fish.jpeg in Resources */,
				1301E400194D57030041290E /* OCEAN.jpeg in Resources */,
				1301E3E1194C5CC30041290E /* net.jpg in Resources */,
				1301E3F2194CF7B20041290E /* query.json in Resources */,
				1301E39A194C24AF0041290E /* InfoPlist.strings in Resources */,
			);
			runOnlyForDeploymentPostprocessing = 0;
		};
		1301E3AE194C24AF0041290E /* Resources */ = {
			isa = PBXResourcesBuildPhase;
			buildActionMask = 2147483647;
			files = (
				1301E3BC194C24AF0041290E /* InfoPlist.strings in Resources */,
			);
			runOnlyForDeploymentPostprocessing = 0;
		};
/* End PBXResourcesBuildPhase section */

/* Begin PBXSourcesBuildPhase section */
		1301E388194C24AF0041290E /* Sources */ = {
			isa = PBXSourcesBuildPhase;
			buildActionMask = 2147483647;
			files = (
				1301E3E7194CB76E0041290E /* FSHLocationManager.m in Sources */,
				1301E3F5194D1FC70041290E /* FSHFish.m in Sources */,
				1301E3FE194D4F980041290E /* FSHTrackingViewController.m in Sources */,
				1301E40D194D9BF50041290E /* FSHWebDetailViewController.m in Sources */,
				1301E3A0194C24AF0041290E /* FSHAppDelegate.m in Sources */,
				1301E410194DDD060041290E /* FSHVessel.m in Sources */,
				1301E3F0194CDAFB0041290E /* FSHLocation.m in Sources */,
				1301E3EA194CCC510041290E /* FSHSelectLocationViewController.m in Sources */,
				1301E3FB194D26C40041290E /* FSHSelectFishTableViewController.m in Sources */,
				1301E3A9194C24AF0041290E /* FSHViewController.m in Sources */,
				1301E3D2194C2E6D0041290E /* FSHCatchInfoViewController.m in Sources */,
				1301E3E4194C5CF20041290E /* FSHMapAnnotation.m in Sources */,
				1301E39C194C24AF0041290E /* main.m in Sources */,
				1301E409194D8E850041290E /* FSHFishTableViewCell.m in Sources */,
			);
			runOnlyForDeploymentPostprocessing = 0;
		};
		1301E3AC194C24AF0041290E /* Sources */ = {
			isa = PBXSourcesBuildPhase;
			buildActionMask = 2147483647;
			files = (
				1301E3BE194C24AF0041290E /* nemoTests.m in Sources */,
			);
			runOnlyForDeploymentPostprocessing = 0;
		};
/* End PBXSourcesBuildPhase section */

/* Begin PBXTargetDependency section */
		1301E3B6194C24AF0041290E /* PBXTargetDependency */ = {
			isa = PBXTargetDependency;
			target = 1301E38B194C24AF0041290E /* nemo */;
			targetProxy = 1301E3B5194C24AF0041290E /* PBXContainerItemProxy */;
		};
/* End PBXTargetDependency section */

/* Begin PBXVariantGroup section */
		1301E398194C24AF0041290E /* InfoPlist.strings */ = {
			isa = PBXVariantGroup;
			children = (
				1301E399194C24AF0041290E /* en */,
			);
			name = InfoPlist.strings;
			sourceTree = "<group>";
		};
		1301E3A1194C24AF0041290E /* Main_iPhone.storyboard */ = {
			isa = PBXVariantGroup;
			children = (
				1301E3A2194C24AF0041290E /* Base */,
			);
			name = Main_iPhone.storyboard;
			path = nemo;
			sourceTree = "<group>";
		};
		1301E3A4194C24AF0041290E /* Main_iPad.storyboard */ = {
			isa = PBXVariantGroup;
			children = (
				1301E3A5194C24AF0041290E /* Base */,
			);
			name = Main_iPad.storyboard;
			path = nemo;
			sourceTree = "<group>";
		};
		1301E3BA194C24AF0041290E /* InfoPlist.strings */ = {
			isa = PBXVariantGroup;
			children = (
				1301E3BB194C24AF0041290E /* en */,
			);
			name = InfoPlist.strings;
			sourceTree = "<group>";
		};
/* End PBXVariantGroup section */

/* Begin XCBuildConfiguration section */
		1301E3BF194C24AF0041290E /* Debug */ = {
			isa = XCBuildConfiguration;
			buildSettings = {
				ALWAYS_SEARCH_USER_PATHS = NO;
				CLANG_CXX_LANGUAGE_STANDARD = "gnu++0x";
				CLANG_CXX_LIBRARY = "libc++";
				CLANG_ENABLE_MODULES = YES;
				CLANG_ENABLE_OBJC_ARC = YES;
				CLANG_WARN_BOOL_CONVERSION = YES;
				CLANG_WARN_CONSTANT_CONVERSION = YES;
				CLANG_WARN_DIRECT_OBJC_ISA_USAGE = YES_ERROR;
				CLANG_WARN_EMPTY_BODY = YES;
				CLANG_WARN_ENUM_CONVERSION = YES;
				CLANG_WARN_INT_CONVERSION = YES;
				CLANG_WARN_OBJC_ROOT_CLASS = YES_ERROR;
				CLANG_WARN__DUPLICATE_METHOD_MATCH = YES;
				"CODE_SIGN_IDENTITY[sdk=iphoneos*]" = "iPhone Developer";
				COPY_PHASE_STRIP = NO;
				GCC_C_LANGUAGE_STANDARD = gnu99;
				GCC_DYNAMIC_NO_PIC = NO;
				GCC_OPTIMIZATION_LEVEL = 0;
				GCC_PREPROCESSOR_DEFINITIONS = (
					"DEBUG=1",
					"$(inherited)",
				);
				GCC_SYMBOLS_PRIVATE_EXTERN = NO;
				GCC_WARN_64_TO_32_BIT_CONVERSION = YES;
				GCC_WARN_ABOUT_RETURN_TYPE = YES_ERROR;
				GCC_WARN_UNDECLARED_SELECTOR = YES;
				GCC_WARN_UNINITIALIZED_AUTOS = YES_AGGRESSIVE;
				GCC_WARN_UNUSED_FUNCTION = YES;
				GCC_WARN_UNUSED_VARIABLE = YES;
				IPHONEOS_DEPLOYMENT_TARGET = 7.1;
				ONLY_ACTIVE_ARCH = YES;
				SDKROOT = iphoneos;
				TARGETED_DEVICE_FAMILY = "1,2";
			};
			name = Debug;
		};
		1301E3C0194C24AF0041290E /* Release */ = {
			isa = XCBuildConfiguration;
			buildSettings = {
				ALWAYS_SEARCH_USER_PATHS = NO;
				CLANG_CXX_LANGUAGE_STANDARD = "gnu++0x";
				CLANG_CXX_LIBRARY = "libc++";
				CLANG_ENABLE_MODULES = YES;
				CLANG_ENABLE_OBJC_ARC = YES;
				CLANG_WARN_BOOL_CONVERSION = YES;
				CLANG_WARN_CONSTANT_CONVERSION = YES;
				CLANG_WARN_DIRECT_OBJC_ISA_USAGE = YES_ERROR;
				CLANG_WARN_EMPTY_BODY = YES;
				CLANG_WARN_ENUM_CONVERSION = YES;
				CLANG_WARN_INT_CONVERSION = YES;
				CLANG_WARN_OBJC_ROOT_CLASS = YES_ERROR;
				CLANG_WARN__DUPLICATE_METHOD_MATCH = YES;
				"CODE_SIGN_IDENTITY[sdk=iphoneos*]" = "iPhone Developer";
				COPY_PHASE_STRIP = YES;
				ENABLE_NS_ASSERTIONS = NO;
				GCC_C_LANGUAGE_STANDARD = gnu99;
				GCC_WARN_64_TO_32_BIT_CONVERSION = YES;
				GCC_WARN_ABOUT_RETURN_TYPE = YES_ERROR;
				GCC_WARN_UNDECLARED_SELECTOR = YES;
				GCC_WARN_UNINITIALIZED_AUTOS = YES_AGGRESSIVE;
				GCC_WARN_UNUSED_FUNCTION = YES;
				GCC_WARN_UNUSED_VARIABLE = YES;
				IPHONEOS_DEPLOYMENT_TARGET = 7.1;
				SDKROOT = iphoneos;
				TARGETED_DEVICE_FAMILY = "1,2";
				VALIDATE_PRODUCT = YES;
			};
			name = Release;
		};
		1301E3C2194C24AF0041290E /* Debug */ = {
			isa = XCBuildConfiguration;
			buildSettings = {
				ASSETCATALOG_COMPILER_APPICON_NAME = AppIcon;
				ASSETCATALOG_COMPILER_LAUNCHIMAGE_NAME = LaunchImage;
				GCC_PRECOMPILE_PREFIX_HEADER = YES;
				GCC_PREFIX_HEADER = "nemo/nemo-Prefix.pch";
				INFOPLIST_FILE = "nemo/nemo-Info.plist";
				PRODUCT_NAME = "$(TARGET_NAME)";
				WRAPPER_EXTENSION = app;
			};
			name = Debug;
		};
		1301E3C3194C24AF0041290E /* Release */ = {
			isa = XCBuildConfiguration;
			buildSettings = {
				ASSETCATALOG_COMPILER_APPICON_NAME = AppIcon;
				ASSETCATALOG_COMPILER_LAUNCHIMAGE_NAME = LaunchImage;
				GCC_PRECOMPILE_PREFIX_HEADER = YES;
				GCC_PREFIX_HEADER = "nemo/nemo-Prefix.pch";
				INFOPLIST_FILE = "nemo/nemo-Info.plist";
				PRODUCT_NAME = "$(TARGET_NAME)";
				WRAPPER_EXTENSION = app;
			};
			name = Release;
		};
		1301E3C5194C24AF0041290E /* Debug */ = {
			isa = XCBuildConfiguration;
			buildSettings = {
				BUNDLE_LOADER = "$(BUILT_PRODUCTS_DIR)/nemo.app/nemo";
				FRAMEWORK_SEARCH_PATHS = (
					"$(SDKROOT)/Developer/Library/Frameworks",
					"$(inherited)",
					"$(DEVELOPER_FRAMEWORKS_DIR)",
				);
				GCC_PRECOMPILE_PREFIX_HEADER = YES;
				GCC_PREFIX_HEADER = "nemo/nemo-Prefix.pch";
				GCC_PREPROCESSOR_DEFINITIONS = (
					"DEBUG=1",
					"$(inherited)",
				);
				INFOPLIST_FILE = "nemoTests/nemoTests-Info.plist";
				PRODUCT_NAME = "$(TARGET_NAME)";
				TEST_HOST = "$(BUNDLE_LOADER)";
				WRAPPER_EXTENSION = xctest;
			};
			name = Debug;
		};
		1301E3C6194C24AF0041290E /* Release */ = {
			isa = XCBuildConfiguration;
			buildSettings = {
				BUNDLE_LOADER = "$(BUILT_PRODUCTS_DIR)/nemo.app/nemo";
				FRAMEWORK_SEARCH_PATHS = (
					"$(SDKROOT)/Developer/Library/Frameworks",
					"$(inherited)",
					"$(DEVELOPER_FRAMEWORKS_DIR)",
				);
				GCC_PRECOMPILE_PREFIX_HEADER = YES;
				GCC_PREFIX_HEADER = "nemo/nemo-Prefix.pch";
				INFOPLIST_FILE = "nemoTests/nemoTests-Info.plist";
				PRODUCT_NAME = "$(TARGET_NAME)";
				TEST_HOST = "$(BUNDLE_LOADER)";
				WRAPPER_EXTENSION = xctest;
			};
			name = Release;
		};
/* End XCBuildConfiguration section */

/* Begin XCConfigurationList section */
		1301E387194C24AF0041290E /* Build configuration list for PBXProject "nemo" */ = {
			isa = XCConfigurationList;
			buildConfigurations = (
				1301E3BF194C24AF0041290E /* Debug */,
				1301E3C0194C24AF0041290E /* Release */,
			);
			defaultConfigurationIsVisible = 0;
			defaultConfigurationName = Release;
		};
		1301E3C1194C24AF0041290E /* Build configuration list for PBXNativeTarget "nemo" */ = {
			isa = XCConfigurationList;
			buildConfigurations = (
				1301E3C2194C24AF0041290E /* Debug */,
				1301E3C3194C24AF0041290E /* Release */,
			);
			defaultConfigurationIsVisible = 0;
			defaultConfigurationName = Release;
		};
		1301E3C4194C24AF0041290E /* Build configuration list for PBXNativeTarget "nemoTests" */ = {
			isa = XCConfigurationList;
			buildConfigurations = (
				1301E3C5194C24AF0041290E /* Debug */,
				1301E3C6194C24AF0041290E /* Release */,
			);
			defaultConfigurationIsVisible = 0;
			defaultConfigurationName = Release;
		};
/* End XCConfigurationList section */
	};
	rootObject = 1301E384194C24AF0041290E /* Project object */;
}
